
Microsoft Visual Studio Solution File, Format Version 12.00
# Visual Studio 15
VisualStudioVersion = 15.0.26124.0
MinimumVisualStudioVersion = 15.0.26124.0
Project("{FAE04EC0-301F-11D3-BF4B-00C04F79EFBC}") = "ConsoleApplication", "ConsoleApplication\ConsoleApplication.csproj", "{F3DCE7CB-8928-45BB-8513-6A3F384B7D6D}"
EndProject
Project("{FAE04EC0-301F-11D3-BF4B-00C04F79EFBC}") = "WebApplication", "WebApplication\WebApplication.csproj", "{13EE3C8F-F1FF-46FE-81E3-665AD5EA7BFF}"
EndProject
Project("{FAE04EC0-301F-11D3-BF4B-00C04F79EFBC}") = "DataLayer", "DataLayer\DataLayer.csproj", "{87428831-8EAC-4A5D-A5EA-A6D9E8AFB268}"
EndProject
Project("{FAE04EC0-301F-11D3-BF4B-00C04F79EFBC}") = "Cache", "Cache\Cache.csproj", "{502DCCC3-3C9C-415E-BAC5-A37869CCCE78}"
EndProject
Global
	GlobalSection(SolutionConfigurationPlatforms) = preSolution
		Debug|Any CPU = Debug|Any CPU
		Debug|x64 = Debug|x64
		Debug|x86 = Debug|x86
		Release|Any CPU = Release|Any CPU
		Release|x64 = Release|x64
		Release|x86 = Release|x86
	EndGlobalSection
	GlobalSection(SolutionProperties) = preSolution
		HideSolutionNode = FALSE
	EndGlobalSection
	GlobalSection(ProjectConfigurationPlatforms) = postSolution
		{F3DCE7CB-8928-45BB-8513-6A3F384B7D6D}.Debug|Any CPU.ActiveCfg = Debug|Any CPU
		{F3DCE7CB-8928-45BB-8513-6A3F384B7D6D}.Debug|Any CPU.Build.0 = Debug|Any CPU
		{F3DCE7CB-8928-45BB-8513-6A3F384B7D6D}.Debug|x64.ActiveCfg = Debug|Any CPU
		{F3DCE7CB-8928-45BB-8513-6A3F384B7D6D}.Debug|x64.Build.0 = Debug|Any CPU
		{F3DCE7CB-8928-45BB-8513-6A3F384B7D6D}.Debug|x86.ActiveCfg = Debug|Any CPU
		{F3DCE7CB-8928-45BB-8513-6A3F384B7D6D}.Debug|x86.Build.0 = Debug|Any CPU
		{F3DCE7CB-8928-45BB-8513-6A3F384B7D6D}.Release|Any CPU.ActiveCfg = Release|Any CPU
		{F3DCE7CB-8928-45BB-8513-6A3F384B7D6D}.Release|Any CPU.Build.0 = Release|Any CPU
		{F3DCE7CB-8928-45BB-8513-6A3F384B7D6D}.Release|x64.ActiveCfg = Release|Any CPU
		{F3DCE7CB-8928-45BB-8513-6A3F384B7D6D}.Release|x64.Build.0 = Release|Any CPU
		{F3DCE7CB-8928-45BB-8513-6A3F384B7D6D}.Release|x86.ActiveCfg = Release|Any CPU
		{F3DCE7CB-8928-45BB-8513-6A3F384B7D6D}.Release|x86.Build.0 = Release|Any CPU
		{13EE3C8F-F1FF-46FE-81E3-665AD5EA7BFF}.Debug|Any CPU.ActiveCfg = Debug|Any CPU
		{13EE3C8F-F1FF-46FE-81E3-665AD5EA7BFF}.Debug|Any CPU.Build.0 = Debug|Any CPU
		{13EE3C8F-F1FF-46FE-81E3-665AD5EA7BFF}.Debug|x64.ActiveCfg = Debug|Any CPU
		{13EE3C8F-F1FF-46FE-81E3-665AD5EA7BFF}.Debug|x64.Build.0 = Debug|Any CPU
		{13EE3C8F-F1FF-46FE-81E3-665AD5EA7BFF}.Debug|x86.ActiveCfg = Debug|Any CPU
		{13EE3C8F-F1FF-46FE-81E3-665AD5EA7BFF}.Debug|x86.Build.0 = Debug|Any CPU
		{13EE3C8F-F1FF-46FE-81E3-665AD5EA7BFF}.Release|Any CPU.ActiveCfg = Release|Any CPU
		{13EE3C8F-F1FF-46FE-81E3-665AD5EA7BFF}.Release|Any CPU.Build.0 = Release|Any CPU
		{13EE3C8F-F1FF-46FE-81E3-665AD5EA7BFF}.Release|x64.ActiveCfg = Release|Any CPU
		{13EE3C8F-F1FF-46FE-81E3-665AD5EA7BFF}.Release|x64.Build.0 = Release|Any CPU
		{13EE3C8F-F1FF-46FE-81E3-665AD5EA7BFF}.Release|x86.ActiveCfg = Release|Any CPU
		{13EE3C8F-F1FF-46FE-81E3-665AD5EA7BFF}.Release|x86.Build.0 = Release|Any CPU
		{87428831-8EAC-4A5D-A5EA-A6D9E8AFB268}.Debug|Any CPU.ActiveCfg = Debug|Any CPU
		{87428831-8EAC-4A5D-A5EA-A6D9E8AFB268}.Debug|Any CPU.Build.0 = Debug|Any CPU
		{87428831-8EAC-4A5D-A5EA-A6D9E8AFB268}.Debug|x64.ActiveCfg = Debug|Any CPU
		{87428831-8EAC-4A5D-A5EA-A6D9E8AFB268}.Debug|x64.Build.0 = Debug|Any CPU
		{87428831-8EAC-4A5D-A5EA-A6D9E8AFB268}.Debug|x86.ActiveCfg = Debug|Any CPU
		{87428831-8EAC-4A5D-A5EA-A6D9E8AFB268}.Debug|x86.Build.0 = Debug|Any CPU
		{87428831-8EAC-4A5D-A5EA-A6D9E8AFB268}.Release|Any CPU.ActiveCfg = Release|Any CPU
		{87428831-8EAC-4A5D-A5EA-A6D9E8AFB268}.Release|Any CPU.Build.0 = Release|Any CPU
		{87428831-8EAC-4A5D-A5EA-A6D9E8AFB268}.Release|x64.ActiveCfg = Release|Any CPU
		{87428831-8EAC-4A5D-A5EA-A6D9E8AFB268}.Release|x64.Build.0 = Release|Any CPU
		{87428831-8EAC-4A5D-A5EA-A6D9E8AFB268}.Release|x86.ActiveCfg = Release|Any CPU
		{87428831-8EAC-4A5D-A5EA-A6D9E8AFB268}.Release|x86.Build.0 = Release|Any CPU
		{502DCCC3-3C9C-415E-BAC5-A37869CCCE78}.Debug|Any CPU.ActiveCfg = Debug|Any CPU
		{502DCCC3-3C9C-415E-BAC5-A37869CCCE78}.Debug|Any CPU.Build.0 = Debug|Any CPU
		{502DCCC3-3C9C-415E-BAC5-A37869CCCE78}.Debug|x64.ActiveCfg = Debug|Any CPU
		{502DCCC3-3C9C-415E-BAC5-A37869CCCE78}.Debug|x64.Build.0 = Debug|Any CPU
		{502DCCC3-3C9C-415E-BAC5-A37869CCCE78}.Debug|x86.ActiveCfg = Debug|Any CPU
		{502DCCC3-3C9C-415E-BAC5-A37869CCCE78}.Debug|x86.Build.0 = Debug|Any CPU
		{502DCCC3-3C9C-415E-BAC5-A37869CCCE78}.Release|Any CPU.ActiveCfg = Release|Any CPU
		{502DCCC3-3C9C-415E-BAC5-A37869CCCE78}.Release|Any CPU.Build.0 = Release|Any CPU
		{502DCCC3-3C9C-415E-BAC5-A37869CCCE78}.Release|x64.ActiveCfg = Release|Any CPU
		{502DCCC3-3C9C-415E-BAC5-A37869CCCE78}.Release|x64.Build.0 = Release|Any CPU
		{502DCCC3-3C9C-415E-BAC5-A37869CCCE78}.Release|x86.ActiveCfg = Release|Any CPU
		{502DCCC3-3C9C-415E-BAC5-A37869CCCE78}.Release|x86.Build.0 = Release|Any CPU
	EndGlobalSection
EndGlobal
